<?xml version="1.0" encoding="utf-8"?>
<Project ToolsVersion="4.0" xmlns="http://schemas.microsoft.com/developer/msbuild/2003">
  <ItemGroup>
    <Filter Include="소스 파일">
      <UniqueIdentifier>{4FC737F1-C7A5-4376-A066-2A32D752A2FF}</UniqueIdentifier>
      <Extensions>cpp;c;cc;cxx;c++;cppm;ixx;def;odl;idl;hpj;bat;asm;asmx</Extensions>
    </Filter>
    <Filter Include="헤더 파일">
      <UniqueIdentifier>{93995380-89BD-4b04-88EB-625FBE52EBFB}</UniqueIdentifier>
      <Extensions>h;hh;hpp;hxx;h++;hm;inl;inc;ipp;xsd</Extensions>
    </Filter>
    <Filter Include="리소스 파일">
      <UniqueIdentifier>{67DA6AB6-F800-4c08-8B7A-83BB121AAD01}</UniqueIdentifier>
      <Extensions>rc;ico;cur;bmp;dlg;rc2;rct;bin;rgs;gif;jpg;jpeg;jpe;resx;tiff;tif;png;wav;mfcribbon-ms</Extensions>
    </Filter>
    <Filter Include="01.Logic">
      <UniqueIdentifier>{d76cefde-86cf-4fe9-9773-e0982dc85547}</UniqueIdentifier>
    </Filter>
    <Filter Include="01.Logic\01.Timer">
      <UniqueIdentifier>{a779a956-0572-46e3-aa4a-ed5d584111f4}</UniqueIdentifier>
    </Filter>
    <Filter Include="01.Logic\02.FileManager">
      <UniqueIdentifier>{893b9cd3-bcdd-48a3-8c59-846cad0bbda4}</UniqueIdentifier>
    </Filter>
    <Filter Include="01.Logic\03.InputManager">
      <UniqueIdentifier>{59aa7802-7258-4e12-ac8c-c620caa547ce}</UniqueIdentifier>
    </Filter>
    <Filter Include="01.Logic\04.ResourcesManager">
      <UniqueIdentifier>{cff1fc59-337f-4931-942a-eb3ad108e237}</UniqueIdentifier>
    </Filter>
    <Filter Include="02.Object">
      <UniqueIdentifier>{2c649d9f-294e-44a3-b50a-3bd97e40f9a7}</UniqueIdentifier>
    </Filter>
    <Filter Include="02.Object\01.GameObj">
      <UniqueIdentifier>{f79e14bb-e6fb-46b0-befc-7f2665d79ef4}</UniqueIdentifier>
    </Filter>
    <Filter Include="01.Logic\05.Math">
      <UniqueIdentifier>{150914bb-875a-40be-9ba4-7af13bd740f4}</UniqueIdentifier>
    </Filter>
    <Filter Include="01.Logic\06.Camera">
      <UniqueIdentifier>{ed7730f5-1b75-4856-b7fe-7389f87bb1ca}</UniqueIdentifier>
    </Filter>
    <Filter Include="02.Object\01.GameObj\01.MoveObj">
      <UniqueIdentifier>{59f7f970-b0e4-4b87-b99a-33377a38411c}</UniqueIdentifier>
    </Filter>
    <Filter Include="03.Scene">
      <UniqueIdentifier>{49877a70-218f-45d7-8498-79f2a8abe35a}</UniqueIdentifier>
    </Filter>
    <Filter Include="03.Scene\01.Layer">
      <UniqueIdentifier>{6739f39f-8ebd-410c-b0eb-30b780a83644}</UniqueIdentifier>
    </Filter>
    <Filter Include="02.Object\02.UI">
      <UniqueIdentifier>{a6b1fa3e-1884-44f1-a82f-d44cec33e533}</UniqueIdentifier>
    </Filter>
  </ItemGroup>
  <ItemGroup>
    <ClCompile Include="main.cpp">
      <Filter>소스 파일</Filter>
    </ClCompile>
    <ClCompile Include="Logic\Logic.cpp">
      <Filter>01.Logic</Filter>
    </ClCompile>
    <ClCompile Include="Logic\Timer.cpp">
      <Filter>01.Logic\01.Timer</Filter>
    </ClCompile>
    <ClCompile Include="Logic\FileManager.cpp">
      <Filter>01.Logic\02.FileManager</Filter>
    </ClCompile>
    <ClCompile Include="Logic\InputManager.cpp">
      <Filter>01.Logic\03.InputManager</Filter>
    </ClCompile>
    <ClCompile Include="Logic\ResourcesManager.cpp">
      <Filter>01.Logic\04.ResourcesManager</Filter>
    </ClCompile>
    <ClCompile Include="GameObject\GameObj.cpp">
      <Filter>02.Object\01.GameObj</Filter>
    </ClCompile>
    <ClCompile Include="Logic\Math.cpp">
      <Filter>01.Logic\05.Math</Filter>
    </ClCompile>
    <ClCompile Include="Logic\Camera.cpp">
      <Filter>01.Logic\06.Camera</Filter>
    </ClCompile>
    <ClCompile Include="GameObject\MoveObj.cpp">
      <Filter>02.Object\01.GameObj\01.MoveObj</Filter>
    </ClCompile>
    <ClCompile Include="Scene\Scene.cpp">
      <Filter>03.Scene</Filter>
    </ClCompile>
    <ClCompile Include="Scene\SceneManager.cpp">
      <Filter>03.Scene</Filter>
    </ClCompile>
    <ClCompile Include="Scene\Layer.cpp">
      <Filter>03.Scene\01.Layer</Filter>
    </ClCompile>
    <ClCompile Include="UI\UI.cpp">
      <Filter>02.Object\02.UI</Filter>
    </ClCompile>
  </ItemGroup>
  <ItemGroup>
    <ClInclude Include="Game.h">
      <Filter>헤더 파일</Filter>
    </ClInclude>
    <ClInclude Include="Defines.h">
      <Filter>헤더 파일</Filter>
    </ClInclude>
    <ClInclude Include="Flag.h">
      <Filter>헤더 파일</Filter>
    </ClInclude>
    <ClInclude Include="Struct.h">
      <Filter>헤더 파일</Filter>
    </ClInclude>
    <ClInclude Include="Logic\Logic.h">
      <Filter>01.Logic</Filter>
    </ClInclude>
    <ClInclude Include="resource.h">
      <Filter>헤더 파일</Filter>
    </ClInclude>
    <ClInclude Include="Logic\Timer.h">
      <Filter>01.Logic\01.Timer</Filter>
    </ClInclude>
    <ClInclude Include="Logic\FileManager.h">
      <Filter>01.Logic\02.FileManager</Filter>
    </ClInclude>
    <ClInclude Include="Logic\InputManager.h">
      <Filter>01.Logic\03.InputManager</Filter>
    </ClInclude>
    <ClInclude Include="Logic\ResourcesManager.h">
      <Filter>01.Logic\04.ResourcesManager</Filter>
    </ClInclude>
    <ClInclude Include="GameObject\GameObj.h">
      <Filter>02.Object\01.GameObj</Filter>
    </ClInclude>
    <ClInclude Include="Logic\Math.h">
      <Filter>01.Logic\05.Math</Filter>
    </ClInclude>
    <ClInclude Include="Logic\Camera.h">
      <Filter>01.Logic\06.Camera</Filter>
    </ClInclude>
    <ClInclude Include="GameObject\MoveObj.h">
      <Filter>02.Object\01.GameObj\01.MoveObj</Filter>
    </ClInclude>
    <ClInclude Include="Scene\Scene.h">
      <Filter>03.Scene</Filter>
    </ClInclude>
    <ClInclude Include="Scene\SceneManager.h">
      <Filter>03.Scene</Filter>
    </ClInclude>
    <ClInclude Include="Scene\Layer.h">
      <Filter>03.Scene\01.Layer</Filter>
    </ClInclude>
    <ClInclude Include="UI\UI.h">
      <Filter>02.Object\02.UI</Filter>
    </ClInclude>
  </ItemGroup>
  <ItemGroup>
    <ResourceCompile Include="WinApi_Portfolio.rc">
      <Filter>리소스 파일</Filter>
    </ResourceCompile>
  </ItemGroup>
  <ItemGroup>
    <Image Include="icon1.ico">
      <Filter>리소스 파일</Filter>
    </Image>
  </ItemGroup>
</Project>